
Microsoft Visual Studio Solution File, Format Version 12.00
# Visual Studio 15
VisualStudioVersion = 15.0.28307.168
MinimumVisualStudioVersion = 10.0.40219.1
Project("{8BC9CEB8-8B4A-11D0-8D11-00A0C91BC942}") = "CPPTestProject", "CPPTestProject\CPPTestProject.vcxproj", "{0CA181C6-BF29-4D23-BF56-E86E17458933}"
EndProject
Global
	GlobalSection(SolutionConfigurationPlatforms) = preSolution
		Debug|x64 = Debug|x64
		Debug|x86 = Debug|x86
		Release|x64 = Release|x64
		Release|x86 = Release|x86
	EndGlobalSection
	GlobalSection(ProjectConfigurationPlatforms) = postSolution
		{0CA181C6-BF29-4D23-BF56-E86E17458933}.Debug|x64.ActiveCfg = Debug|x64
		{0CA181C6-BF29-4D23-BF56-E86E17458933}.Debug|x64.Build.0 = Debug|x64
		{0CA181C6-BF29-4D23-BF56-E86E17458933}.Debug|x86.ActiveCfg = Debug|Win32
		{0CA181C6-BF29-4D23-BF56-E86E17458933}.Debug|x86.Build.0 = Debug|Win32
		{0CA181C6-BF29-4D23-BF56-E86E17458933}.Release|x64.ActiveCfg = Release|x64
		{0CA181C6-BF29-4D23-BF56-E86E17458933}.Release|x64.Build.0 = Release|x64
		{0CA181C6-BF29-4D23-BF56-E86E17458933}.Release|x86.ActiveCfg = Release|Win32
		{0CA181C6-BF29-4D23-BF56-E86E17458933}.Release|x86.Build.0 = Release|Win32
	EndGlobalSection
	GlobalSection(SolutionProperties) = preSolution
		HideSolutionNode = FALSE
	EndGlobalSection
	GlobalSection(ExtensibilityGlobals) = postSolution
		SolutionGuid = {421035C9-BDED-416D-8B91-CF33846D9FCA}
	EndGlobalSection
EndGlobal
